
Microsoft Visual Studio Solution File, Format Version 12.00
# Visual Studio 15
VisualStudioVersion = 15.0.28307.136
MinimumVisualStudioVersion = 10.0.40219.1
Project("{FAE04EC0-301F-11D3-BF4B-00C04F79EFBC}") = "task2", "task2\task2.csproj", "{3CCF6CFB-6D76-4DDF-A5C7-2A502CC9FCBB}"
EndProject
Global
	GlobalSection(SolutionConfigurationPlatforms) = preSolution
		Debug|Any CPU = Debug|Any CPU
		Release|Any CPU = Release|Any CPU
	EndGlobalSection
	GlobalSection(ProjectConfigurationPlatforms) = postSolution
		{3CCF6CFB-6D76-4DDF-A5C7-2A502CC9FCBB}.Debug|Any CPU.ActiveCfg = Debug|Any CPU
		{3CCF6CFB-6D76-4DDF-A5C7-2A502CC9FCBB}.Debug|Any CPU.Build.0 = Debug|Any CPU
		{3CCF6CFB-6D76-4DDF-A5C7-2A502CC9FCBB}.Release|Any CPU.ActiveCfg = Release|Any CPU
		{3CCF6CFB-6D76-4DDF-A5C7-2A502CC9FCBB}.Release|Any CPU.Build.0 = Release|Any CPU
	EndGlobalSection
	GlobalSection(SolutionProperties) = preSolution
		HideSolutionNode = FALSE
	EndGlobalSection
	GlobalSection(ExtensibilityGlobals) = postSolution
		SolutionGuid = {CC142DB1-BE7F-4C87-B4C6-D5A037B7980D}
	EndGlobalSection
EndGlobal
