
Microsoft Visual Studio Solution File, Format Version 12.00
# Visual Studio 15
VisualStudioVersion = 15.0.28307.168
MinimumVisualStudioVersion = 10.0.40219.1
Project("{00D1A9C2-B5F0-4AF3-8072-F6C62B433612}") = "Database1", "Database1\Database1.sqlproj", "{A45A548A-ECAA-427D-9593-50565E772D99}"
EndProject
Global
	GlobalSection(SolutionConfigurationPlatforms) = preSolution
		Debug|Any CPU = Debug|Any CPU
		Release|Any CPU = Release|Any CPU
	EndGlobalSection
	GlobalSection(ProjectConfigurationPlatforms) = postSolution
		{A45A548A-ECAA-427D-9593-50565E772D99}.Debug|Any CPU.ActiveCfg = Debug|Any CPU
		{A45A548A-ECAA-427D-9593-50565E772D99}.Debug|Any CPU.Build.0 = Debug|Any CPU
		{A45A548A-ECAA-427D-9593-50565E772D99}.Debug|Any CPU.Deploy.0 = Debug|Any CPU
		{A45A548A-ECAA-427D-9593-50565E772D99}.Release|Any CPU.ActiveCfg = Release|Any CPU
		{A45A548A-ECAA-427D-9593-50565E772D99}.Release|Any CPU.Build.0 = Release|Any CPU
		{A45A548A-ECAA-427D-9593-50565E772D99}.Release|Any CPU.Deploy.0 = Release|Any CPU
	EndGlobalSection
	GlobalSection(SolutionProperties) = preSolution
		HideSolutionNode = FALSE
	EndGlobalSection
	GlobalSection(ExtensibilityGlobals) = postSolution
		SolutionGuid = {0429EC1D-DE8D-4F31-AEFE-BFE85BB1AF72}
	EndGlobalSection
EndGlobal
