
Microsoft Visual Studio Solution File, Format Version 12.00
# Visual Studio 15
VisualStudioVersion = 15.0.28307.136
MinimumVisualStudioVersion = 10.0.40219.1
Project("{00D1A9C2-B5F0-4AF3-8072-F6C62B433612}") = "Database1", "Database1\Database1.sqlproj", "{D9EA1537-9F0B-4488-9B32-EF9ED4DA87EB}"
EndProject
Global
	GlobalSection(SolutionConfigurationPlatforms) = preSolution
		Debug|Any CPU = Debug|Any CPU
		Release|Any CPU = Release|Any CPU
	EndGlobalSection
	GlobalSection(ProjectConfigurationPlatforms) = postSolution
		{D9EA1537-9F0B-4488-9B32-EF9ED4DA87EB}.Debug|Any CPU.ActiveCfg = Debug|Any CPU
		{D9EA1537-9F0B-4488-9B32-EF9ED4DA87EB}.Debug|Any CPU.Build.0 = Debug|Any CPU
		{D9EA1537-9F0B-4488-9B32-EF9ED4DA87EB}.Debug|Any CPU.Deploy.0 = Debug|Any CPU
		{D9EA1537-9F0B-4488-9B32-EF9ED4DA87EB}.Release|Any CPU.ActiveCfg = Release|Any CPU
		{D9EA1537-9F0B-4488-9B32-EF9ED4DA87EB}.Release|Any CPU.Build.0 = Release|Any CPU
		{D9EA1537-9F0B-4488-9B32-EF9ED4DA87EB}.Release|Any CPU.Deploy.0 = Release|Any CPU
	EndGlobalSection
	GlobalSection(SolutionProperties) = preSolution
		HideSolutionNode = FALSE
	EndGlobalSection
	GlobalSection(ExtensibilityGlobals) = postSolution
		SolutionGuid = {F8097A84-3B94-4D1D-9FD1-6873B0625EF7}
	EndGlobalSection
EndGlobal
