
Microsoft Visual Studio Solution File, Format Version 12.00
# Visual Studio 15
VisualStudioVersion = 15.0.28307.136
MinimumVisualStudioVersion = 10.0.40219.1
Project("{FAE04EC0-301F-11D3-BF4B-00C04F79EFBC}") = "lab8", "lab8\lab8.csproj", "{EA43A7BD-C4FB-4313-8BF3-F786014F8A50}"
EndProject
Global
	GlobalSection(SolutionConfigurationPlatforms) = preSolution
		Debug|Any CPU = Debug|Any CPU
		Release|Any CPU = Release|Any CPU
	EndGlobalSection
	GlobalSection(ProjectConfigurationPlatforms) = postSolution
		{EA43A7BD-C4FB-4313-8BF3-F786014F8A50}.Debug|Any CPU.ActiveCfg = Debug|Any CPU
		{EA43A7BD-C4FB-4313-8BF3-F786014F8A50}.Debug|Any CPU.Build.0 = Debug|Any CPU
		{EA43A7BD-C4FB-4313-8BF3-F786014F8A50}.Release|Any CPU.ActiveCfg = Release|Any CPU
		{EA43A7BD-C4FB-4313-8BF3-F786014F8A50}.Release|Any CPU.Build.0 = Release|Any CPU
	EndGlobalSection
	GlobalSection(SolutionProperties) = preSolution
		HideSolutionNode = FALSE
	EndGlobalSection
	GlobalSection(ExtensibilityGlobals) = postSolution
		SolutionGuid = {EE2B181C-0758-48E2-937A-6F7CADA94DC9}
	EndGlobalSection
EndGlobal
